
Microsoft Visual Studio Solution File, Format Version 12.00
# Visual Studio Version 16
VisualStudioVersion = 16.0.29230.47
MinimumVisualStudioVersion = 10.0.40219.1
Project("{FAE04EC0-301F-11D3-BF4B-00C04F79EFBC}") = "Server", "Sever\Server.csproj", "{D5B1C43C-7AC3-4BD0-9A7A-C77C7E6583CF}"
EndProject
Global
	GlobalSection(SolutionConfigurationPlatforms) = preSolution
		Debug|Any CPU = Debug|Any CPU
		Release|Any CPU = Release|Any CPU
	EndGlobalSection
	GlobalSection(ProjectConfigurationPlatforms) = postSolution
		{D5B1C43C-7AC3-4BD0-9A7A-C77C7E6583CF}.Debug|Any CPU.ActiveCfg = Debug|Any CPU
		{D5B1C43C-7AC3-4BD0-9A7A-C77C7E6583CF}.Debug|Any CPU.Build.0 = Debug|Any CPU
		{D5B1C43C-7AC3-4BD0-9A7A-C77C7E6583CF}.Release|Any CPU.ActiveCfg = Release|Any CPU
		{D5B1C43C-7AC3-4BD0-9A7A-C77C7E6583CF}.Release|Any CPU.Build.0 = Release|Any CPU
	EndGlobalSection
	GlobalSection(SolutionProperties) = preSolution
		HideSolutionNode = FALSE
	EndGlobalSection
	GlobalSection(ExtensibilityGlobals) = postSolution
		SolutionGuid = {2AE98752-271A-4BC4-8942-2A4A2F598F1E}
	EndGlobalSection
EndGlobal
